
Microsoft Visual Studio Solution File, Format Version 12.00
# Visual Studio Version 17
VisualStudioVersion = 17.0.32014.148
MinimumVisualStudioVersion = 10.0.40219.1
Project("{9A19103F-16F7-4668-BE54-9A1E7A4F7556}") = "AddressBook.API", "AddressBook.API\AddressBook.API.csproj", "{6F81F6FD-034D-461F-AF57-84F445A2A33D}"
EndProject
Project("{9A19103F-16F7-4668-BE54-9A1E7A4F7556}") = "AddressBook.API.UnitTests", "AddressBook.API.UnitTests\AddressBook.API.UnitTests.csproj", "{91A01345-3DBA-428E-B196-80551984CB71}"
EndProject
Project("{FAE04EC0-301F-11D3-BF4B-00C04F79EFBC}") = "AddressBook.Data", "AddressBook.Data\AddressBook.Data.csproj", "{F0EBFB48-6E73-4AD6-A62B-4279D996826B}"
EndProject
Global
	GlobalSection(SolutionConfigurationPlatforms) = preSolution
		Debug|Any CPU = Debug|Any CPU
		Release|Any CPU = Release|Any CPU
	EndGlobalSection
	GlobalSection(ProjectConfigurationPlatforms) = postSolution
		{6F81F6FD-034D-461F-AF57-84F445A2A33D}.Debug|Any CPU.ActiveCfg = Debug|Any CPU
		{6F81F6FD-034D-461F-AF57-84F445A2A33D}.Debug|Any CPU.Build.0 = Debug|Any CPU
		{6F81F6FD-034D-461F-AF57-84F445A2A33D}.Release|Any CPU.ActiveCfg = Release|Any CPU
		{6F81F6FD-034D-461F-AF57-84F445A2A33D}.Release|Any CPU.Build.0 = Release|Any CPU
		{91A01345-3DBA-428E-B196-80551984CB71}.Debug|Any CPU.ActiveCfg = Debug|Any CPU
		{91A01345-3DBA-428E-B196-80551984CB71}.Debug|Any CPU.Build.0 = Debug|Any CPU
		{91A01345-3DBA-428E-B196-80551984CB71}.Release|Any CPU.ActiveCfg = Release|Any CPU
		{91A01345-3DBA-428E-B196-80551984CB71}.Release|Any CPU.Build.0 = Release|Any CPU
		{F0EBFB48-6E73-4AD6-A62B-4279D996826B}.Debug|Any CPU.ActiveCfg = Debug|Any CPU
		{F0EBFB48-6E73-4AD6-A62B-4279D996826B}.Debug|Any CPU.Build.0 = Debug|Any CPU
		{F0EBFB48-6E73-4AD6-A62B-4279D996826B}.Release|Any CPU.ActiveCfg = Release|Any CPU
		{F0EBFB48-6E73-4AD6-A62B-4279D996826B}.Release|Any CPU.Build.0 = Release|Any CPU
	EndGlobalSection
	GlobalSection(SolutionProperties) = preSolution
		HideSolutionNode = FALSE
	EndGlobalSection
	GlobalSection(ExtensibilityGlobals) = postSolution
		SolutionGuid = {0F899F32-24B9-4216-A456-F2704A4D7CC4}
	EndGlobalSection
EndGlobal
